// !$*UTF8*$!
{
	archiveVersion = 1;
	classes = {
	};
	objectVersion = 46;
	objects = {

/* Begin PBXBuildFile section */
		8311970B1E27B7B900B8CB5F /* AFNetworking in Resources */ = {isa = PBXBuildFile; fileRef = 8311970A1E27B7B900B8CB5F /* AFNetworking */; };
		8311970D1E27B7C700B8CB5F /* UIKit+AFNetworking in Resources */ = {isa = PBXBuildFile; fileRef = 8311970C1E27B7C700B8CB5F /* UIKit+AFNetworking */; };
		831197261E27BB2D00B8CB5F /* AFHTTPSessionManager.h in Headers */ = {isa = PBXBuildFile; fileRef = 831197191E27BB2D00B8CB5F /* AFHTTPSessionManager.h */; settings = {ATTRIBUTES = (Public, ); }; };
		831197271E27BB2D00B8CB5F /* AFHTTPSessionManager.m in Sources */ = {isa = PBXBuildFile; fileRef = 8311971A1E27BB2D00B8CB5F /* AFHTTPSessionManager.m */; };
		831197281E27BB2D00B8CB5F /* AFNetworking.h in Headers */ = {isa = PBXBuildFile; fileRef = 8311971B1E27BB2D00B8CB5F /* AFNetworking.h */; settings = {ATTRIBUTES = (Public, ); }; };
		831197291E27BB2D00B8CB5F /* AFNetworkReachabilityManager.h in Headers */ = {isa = PBXBuildFile; fileRef = 8311971C1E27BB2D00B8CB5F /* AFNetworkReachabilityManager.h */; settings = {ATTRIBUTES = (Public, ); }; };
		8311972A1E27BB2D00B8CB5F /* AFNetworkReachabilityManager.m in Sources */ = {isa = PBXBuildFile; fileRef = 8311971D1E27BB2D00B8CB5F /* AFNetworkReachabilityManager.m */; };
		8311972B1E27BB2D00B8CB5F /* AFSecurityPolicy.h in Headers */ = {isa = PBXBuildFile; fileRef = 8311971E1E27BB2D00B8CB5F /* AFSecurityPolicy.h */; settings = {ATTRIBUTES = (Public, ); }; };
		8311972C1E27BB2D00B8CB5F /* AFSecurityPolicy.m in Sources */ = {isa = PBXBuildFile; fileRef = 8311971F1E27BB2D00B8CB5F /* AFSecurityPolicy.m */; };
		8311972D1E27BB2D00B8CB5F /* AFURLRequestSerialization.h in Headers */ = {isa = PBXBuildFile; fileRef = 831197201E27BB2D00B8CB5F /* AFURLRequestSerialization.h */; settings = {ATTRIBUTES = (Public, ); }; };
		8311972E1E27BB2D00B8CB5F /* AFURLRequestSerialization.m in Sources */ = {isa = PBXBuildFile; fileRef = 831197211E27BB2D00B8CB5F /* AFURLRequestSerialization.m */; };
		8311972F1E27BB2D00B8CB5F /* AFURLResponseSerialization.h in Headers */ = {isa = PBXBuildFile; fileRef = 831197221E27BB2D00B8CB5F /* AFURLResponseSerialization.h */; settings = {ATTRIBUTES = (Public, ); }; };
		831197301E27BB2D00B8CB5F /* AFURLResponseSerialization.m in Sources */ = {isa = PBXBuildFile; fileRef = 831197231E27BB2D00B8CB5F /* AFURLResponseSerialization.m */; };
		831197311E27BB2D00B8CB5F /* AFURLSessionManager.h in Headers */ = {isa = PBXBuildFile; fileRef = 831197241E27BB2D00B8CB5F /* AFURLSessionManager.h */; settings = {ATTRIBUTES = (Public, ); }; };
		831197321E27BB2D00B8CB5F /* AFURLSessionManager.m in Sources */ = {isa = PBXBuildFile; fileRef = 831197251E27BB2D00B8CB5F /* AFURLSessionManager.m */; };
		831197471E27BB4600B8CB5F /* AFAutoPurgingImageCache.h in Headers */ = {isa = PBXBuildFile; fileRef = 831197331E27BB4600B8CB5F /* AFAutoPurgingImageCache.h */; settings = {ATTRIBUTES = (Public, ); }; };
		831197481E27BB4600B8CB5F /* AFAutoPurgingImageCache.m in Sources */ = {isa = PBXBuildFile; fileRef = 831197341E27BB4600B8CB5F /* AFAutoPurgingImageCache.m */; };
		831197491E27BB4600B8CB5F /* AFImageDownloader.h in Headers */ = {isa = PBXBuildFile; fileRef = 831197351E27BB4600B8CB5F /* AFImageDownloader.h */; settings = {ATTRIBUTES = (Public, ); }; };
		8311974A1E27BB4600B8CB5F /* AFImageDownloader.m in Sources */ = {isa = PBXBuildFile; fileRef = 831197361E27BB4600B8CB5F /* AFImageDownloader.m */; };
		8311974B1E27BB4600B8CB5F /* AFNetworkActivityIndicatorManager.h in Headers */ = {isa = PBXBuildFile; fileRef = 831197371E27BB4600B8CB5F /* AFNetworkActivityIndicatorManager.h */; settings = {ATTRIBUTES = (Public, ); }; };
		8311974C1E27BB4600B8CB5F /* AFNetworkActivityIndicatorManager.m in Sources */ = {isa = PBXBuildFile; fileRef = 831197381E27BB4600B8CB5F /* AFNetworkActivityIndicatorManager.m */; };
		8311974D1E27BB4600B8CB5F /* UIActivityIndicatorView+AFNetworking.h in Headers */ = {isa = PBXBuildFile; fileRef = 831197391E27BB4600B8CB5F /* UIActivityIndicatorView+AFNetworking.h */; settings = {ATTRIBUTES = (Public, ); }; };
		8311974E1E27BB4600B8CB5F /* UIActivityIndicatorView+AFNetworking.m in Sources */ = {isa = PBXBuildFile; fileRef = 8311973A1E27BB4600B8CB5F /* UIActivityIndicatorView+AFNetworking.m */; };
		8311974F1E27BB4600B8CB5F /* UIButton+AFNetworking.h in Headers */ = {isa = PBXBuildFile; fileRef = 8311973B1E27BB4600B8CB5F /* UIButton+AFNetworking.h */; settings = {ATTRIBUTES = (Public, ); }; };
		831197501E27BB4600B8CB5F /* UIButton+AFNetworking.m in Sources */ = {isa = PBXBuildFile; fileRef = 8311973C1E27BB4600B8CB5F /* UIButton+AFNetworking.m */; };
		831197511E27BB4600B8CB5F /* UIImage+AFNetworking.h in Headers */ = {isa = PBXBuildFile; fileRef = 8311973D1E27BB4600B8CB5F /* UIImage+AFNetworking.h */; settings = {ATTRIBUTES = (Public, ); }; };
		831197521E27BB4600B8CB5F /* UIImageView+AFNetworking.h in Headers */ = {isa = PBXBuildFile; fileRef = 8311973E1E27BB4600B8CB5F /* UIImageView+AFNetworking.h */; settings = {ATTRIBUTES = (Public, ); }; };
		831197531E27BB4600B8CB5F /* UIImageView+AFNetworking.m in Sources */ = {isa = PBXBuildFile; fileRef = 8311973F1E27BB4600B8CB5F /* UIImageView+AFNetworking.m */; };
		831197541E27BB4600B8CB5F /* UIKit+AFNetworking.h in Headers */ = {isa = PBXBuildFile; fileRef = 831197401E27BB4600B8CB5F /* UIKit+AFNetworking.h */; settings = {ATTRIBUTES = (Public, ); }; };
		831197551E27BB4600B8CB5F /* UIProgressView+AFNetworking.h in Headers */ = {isa = PBXBuildFile; fileRef = 831197411E27BB4600B8CB5F /* UIProgressView+AFNetworking.h */; settings = {ATTRIBUTES = (Public, ); }; };
		831197561E27BB4600B8CB5F /* UIProgressView+AFNetworking.m in Sources */ = {isa = PBXBuildFile; fileRef = 831197421E27BB4600B8CB5F /* UIProgressView+AFNetworking.m */; };
		831197571E27BB4600B8CB5F /* UIRefreshControl+AFNetworking.h in Headers */ = {isa = PBXBuildFile; fileRef = 831197431E27BB4600B8CB5F /* UIRefreshControl+AFNetworking.h */; settings = {ATTRIBUTES = (Public, ); }; };
		831197581E27BB4600B8CB5F /* UIRefreshControl+AFNetworking.m in Sources */ = {isa = PBXBuildFile; fileRef = 831197441E27BB4600B8CB5F /* UIRefreshControl+AFNetworking.m */; };
		831197591E27BB4600B8CB5F /* UIWebView+AFNetworking.h in Headers */ = {isa = PBXBuildFile; fileRef = 831197451E27BB4600B8CB5F /* UIWebView+AFNetworking.h */; settings = {ATTRIBUTES = (Public, ); }; };
		8311975A1E27BB4600B8CB5F /* UIWebView+AFNetworking.m in Sources */ = {isa = PBXBuildFile; fileRef = 831197461E27BB4600B8CB5F /* UIWebView+AFNetworking.m */; };
		8335291C1E40D18D009B75A3 /* setGoal.m in Sources */ = {isa = PBXBuildFile; fileRef = 8335291B1E40D18D009B75A3 /* setGoal.m */; };
		835302EE1E9122B800CA58B3 /* CoreLocation.framework in Frameworks */ = {isa = PBXBuildFile; fileRef = 835302ED1E9122B800CA58B3 /* CoreLocation.framework */; };
		8392B8DB1E016DEB004D4E63 /* main.m in Sources */ = {isa = PBXBuildFile; fileRef = 8392B8DA1E016DEB004D4E63 /* main.m */; };
		8392B8DE1E016DEB004D4E63 /* AppDelegate.m in Sources */ = {isa = PBXBuildFile; fileRef = 8392B8DD1E016DEB004D4E63 /* AppDelegate.m */; };
		8392B8E11E016DEB004D4E63 /* ViewController.m in Sources */ = {isa = PBXBuildFile; fileRef = 8392B8E01E016DEB004D4E63 /* ViewController.m */; };
		8392B8E41E016DEC004D4E63 /* Main.storyboard in Resources */ = {isa = PBXBuildFile; fileRef = 8392B8E21E016DEB004D4E63 /* Main.storyboard */; };
		8392B8E61E016DEC004D4E63 /* Assets.xcassets in Resources */ = {isa = PBXBuildFile; fileRef = 8392B8E51E016DEC004D4E63 /* Assets.xcassets */; };
		8392B8E91E016DEC004D4E63 /* LaunchScreen.storyboard in Resources */ = {isa = PBXBuildFile; fileRef = 8392B8E71E016DEC004D4E63 /* LaunchScreen.storyboard */; };
		8392B8EE1E016DEC004D4E63 /* Notifications WatchKit App.app in Embed Watch Content */ = {isa = PBXBuildFile; fileRef = 8392B8ED1E016DEC004D4E63 /* Notifications WatchKit App.app */; };
		8392B8F41E016DEC004D4E63 /* Interface.storyboard in Resources */ = {isa = PBXBuildFile; fileRef = 8392B8F21E016DEC004D4E63 /* Interface.storyboard */; };
		8392B8F61E016DEC004D4E63 /* Assets.xcassets in Resources */ = {isa = PBXBuildFile; fileRef = 8392B8F51E016DEC004D4E63 /* Assets.xcassets */; };
		8392B8FD1E016DEC004D4E63 /* Notifications WatchKit Extension.appex in Embed App Extensions */ = {isa = PBXBuildFile; fileRef = 8392B8FC1E016DEC004D4E63 /* Notifications WatchKit Extension.appex */; settings = {ATTRIBUTES = (RemoveHeadersOnCopy, ); }; };
		8392B9051E016DEC004D4E63 /* InterfaceController.m in Sources */ = {isa = PBXBuildFile; fileRef = 8392B9041E016DEC004D4E63 /* InterfaceController.m */; };
		8392B9081E016DEC004D4E63 /* ExtensionDelegate.m in Sources */ = {isa = PBXBuildFile; fileRef = 8392B9071E016DEC004D4E63 /* ExtensionDelegate.m */; };
		8392B90B1E016DEC004D4E63 /* NotificationController.m in Sources */ = {isa = PBXBuildFile; fileRef = 8392B90A1E016DEC004D4E63 /* NotificationController.m */; };
		8392B90E1E016DEC004D4E63 /* ComplicationController.m in Sources */ = {isa = PBXBuildFile; fileRef = 8392B90D1E016DEC004D4E63 /* ComplicationController.m */; };
		8392B9101E016DEC004D4E63 /* Assets.xcassets in Resources */ = {isa = PBXBuildFile; fileRef = 8392B90F1E016DEC004D4E63 /* Assets.xcassets */; };
		83B703021E52EB06003591AF /* WatchKit in Resources */ = {isa = PBXBuildFile; fileRef = 83B703011E52EB06003591AF /* WatchKit */; };
		83F11E591E06AD8200BB6D91 /* OrdinaryEventRow.m in Sources */ = {isa = PBXBuildFile; fileRef = 83F11E581E06AD8200BB6D91 /* OrdinaryEventRow.m */; };
/* End PBXBuildFile section */

/* Begin PBXContainerItemProxy section */
		8392B8EF1E016DEC004D4E63 /* PBXContainerItemProxy */ = {
			isa = PBXContainerItemProxy;
			containerPortal = 8392B8CE1E016DEB004D4E63 /* Project object */;
			proxyType = 1;
			remoteGlobalIDString = 8392B8EC1E016DEC004D4E63;
			remoteInfo = "Notifications WatchKit App";
		};
		8392B8FE1E016DEC004D4E63 /* PBXContainerItemProxy */ = {
			isa = PBXContainerItemProxy;
			containerPortal = 8392B8CE1E016DEB004D4E63 /* Project object */;
			proxyType = 1;
			remoteGlobalIDString = 8392B8FB1E016DEC004D4E63;
			remoteInfo = "Notifications WatchKit Extension";
		};
/* End PBXContainerItemProxy section */

/* Begin PBXCopyFilesBuildPhase section */
		8392B9171E016DEC004D4E63 /* Embed App Extensions */ = {
			isa = PBXCopyFilesBuildPhase;
			buildActionMask = 2147483647;
			dstPath = "";
			dstSubfolderSpec = 13;
			files = (
				8392B8FD1E016DEC004D4E63 /* Notifications WatchKit Extension.appex in Embed App Extensions */,
			);
			name = "Embed App Extensions";
			runOnlyForDeploymentPostprocessing = 0;
		};
		8392B91B1E016DEC004D4E63 /* Embed Watch Content */ = {
			isa = PBXCopyFilesBuildPhase;
			buildActionMask = 2147483647;
			dstPath = "$(CONTENTS_FOLDER_PATH)/Watch";
			dstSubfolderSpec = 16;
			files = (
				8392B8EE1E016DEC004D4E63 /* Notifications WatchKit App.app in Embed Watch Content */,
			);
			name = "Embed Watch Content";
			runOnlyForDeploymentPostprocessing = 0;
		};
/* End PBXCopyFilesBuildPhase section */

/* Begin PBXFileReference section */
		8311970A1E27B7B900B8CB5F /* AFNetworking */ = {isa = PBXFileReference; lastKnownFileType = folder; name = AFNetworking; path = "/Users/Chris/Downloads/AFNetworking-master/AFNetworking"; sourceTree = "<absolute>"; };
		8311970C1E27B7C700B8CB5F /* UIKit+AFNetworking */ = {isa = PBXFileReference; lastKnownFileType = folder; name = "UIKit+AFNetworking"; path = "/Users/Chris/Downloads/AFNetworking-master/UIKit+AFNetworking"; sourceTree = "<absolute>"; };
		831197191E27BB2D00B8CB5F /* AFHTTPSessionManager.h */ = {isa = PBXFileReference; fileEncoding = 4; lastKnownFileType = sourcecode.c.h; name = AFHTTPSessionManager.h; path = "../../../../Downloads/AFNetworking-master/AFNetworking/AFHTTPSessionManager.h"; sourceTree = "<group>"; };
		8311971A1E27BB2D00B8CB5F /* AFHTTPSessionManager.m */ = {isa = PBXFileReference; fileEncoding = 4; lastKnownFileType = sourcecode.c.objc; name = AFHTTPSessionManager.m; path = "../../../../Downloads/AFNetworking-master/AFNetworking/AFHTTPSessionManager.m"; sourceTree = "<group>"; };
		8311971B1E27BB2D00B8CB5F /* AFNetworking.h */ = {isa = PBXFileReference; fileEncoding = 4; lastKnownFileType = sourcecode.c.h; name = AFNetworking.h; path = "../../../../Downloads/AFNetworking-master/AFNetworking/AFNetworking.h"; sourceTree = "<group>"; };
		8311971C1E27BB2D00B8CB5F /* AFNetworkReachabilityManager.h */ = {isa = PBXFileReference; fileEncoding = 4; lastKnownFileType = sourcecode.c.h; name = AFNetworkReachabilityManager.h; path = "../../../../Downloads/AFNetworking-master/AFNetworking/AFNetworkReachabilityManager.h"; sourceTree = "<group>"; };
		8311971D1E27BB2D00B8CB5F /* AFNetworkReachabilityManager.m */ = {isa = PBXFileReference; fileEncoding = 4; lastKnownFileType = sourcecode.c.objc; name = AFNetworkReachabilityManager.m; path = "../../../../Downloads/AFNetworking-master/AFNetworking/AFNetworkReachabilityManager.m"; sourceTree = "<group>"; };
		8311971E1E27BB2D00B8CB5F /* AFSecurityPolicy.h */ = {isa = PBXFileReference; fileEncoding = 4; lastKnownFileType = sourcecode.c.h; name = AFSecurityPolicy.h; path = "../../../../Downloads/AFNetworking-master/AFNetworking/AFSecurityPolicy.h"; sourceTree = "<group>"; };
		8311971F1E27BB2D00B8CB5F /* AFSecurityPolicy.m */ = {isa = PBXFileReference; fileEncoding = 4; lastKnownFileType = sourcecode.c.objc; name = AFSecurityPolicy.m; path = "../../../../Downloads/AFNetworking-master/AFNetworking/AFSecurityPolicy.m"; sourceTree = "<group>"; };
		831197201E27BB2D00B8CB5F /* AFURLRequestSerialization.h */ = {isa = PBXFileReference; fileEncoding = 4; lastKnownFileType = sourcecode.c.h; name = AFURLRequestSerialization.h; path = "../../../../Downloads/AFNetworking-master/AFNetworking/AFURLRequestSerialization.h"; sourceTree = "<group>"; };
		831197211E27BB2D00B8CB5F /* AFURLRequestSerialization.m */ = {isa = PBXFileReference; fileEncoding = 4; lastKnownFileType = sourcecode.c.objc; name = AFURLRequestSerialization.m; path = "../../../../Downloads/AFNetworking-master/AFNetworking/AFURLRequestSerialization.m"; sourceTree = "<group>"; };
		831197221E27BB2D00B8CB5F /* AFURLResponseSerialization.h */ = {isa = PBXFileReference; fileEncoding = 4; lastKnownFileType = sourcecode.c.h; name = AFURLResponseSerialization.h; path = "../../../../Downloads/AFNetworking-master/AFNetworking/AFURLResponseSerialization.h"; sourceTree = "<group>"; };
		831197231E27BB2D00B8CB5F /* AFURLResponseSerialization.m */ = {isa = PBXFileReference; fileEncoding = 4; lastKnownFileType = sourcecode.c.objc; name = AFURLResponseSerialization.m; path = "../../../../Downloads/AFNetworking-master/AFNetworking/AFURLResponseSerialization.m"; sourceTree = "<group>"; };
		831197241E27BB2D00B8CB5F /* AFURLSessionManager.h */ = {isa = PBXFileReference; fileEncoding = 4; lastKnownFileType = sourcecode.c.h; name = AFURLSessionManager.h; path = "../../../../Downloads/AFNetworking-master/AFNetworking/AFURLSessionManager.h"; sourceTree = "<group>"; };
		831197251E27BB2D00B8CB5F /* AFURLSessionManager.m */ = {isa = PBXFileReference; fileEncoding = 4; lastKnownFileType = sourcecode.c.objc; name = AFURLSessionManager.m; path = "../../../../Downloads/AFNetworking-master/AFNetworking/AFURLSessionManager.m"; sourceTree = "<group>"; };
		831197331E27BB4600B8CB5F /* AFAutoPurgingImageCache.h */ = {isa = PBXFileReference; fileEncoding = 4; lastKnownFileType = sourcecode.c.h; name = AFAutoPurgingImageCache.h; path = "../../../../Downloads/AFNetworking-master/UIKit+AFNetworking/AFAutoPurgingImageCache.h"; sourceTree = "<group>"; };
		831197341E27BB4600B8CB5F /* AFAutoPurgingImageCache.m */ = {isa = PBXFileReference; fileEncoding = 4; lastKnownFileType = sourcecode.c.objc; name = AFAutoPurgingImageCache.m; path = "../../../../Downloads/AFNetworking-master/UIKit+AFNetworking/AFAutoPurgingImageCache.m"; sourceTree = "<group>"; };
		831197351E27BB4600B8CB5F /* AFImageDownloader.h */ = {isa = PBXFileReference; fileEncoding = 4; lastKnownFileType = sourcecode.c.h; name = AFImageDownloader.h; path = "../../../../Downloads/AFNetworking-master/UIKit+AFNetworking/AFImageDownloader.h"; sourceTree = "<group>"; };
		831197361E27BB4600B8CB5F /* AFImageDownloader.m */ = {isa = PBXFileReference; fileEncoding = 4; lastKnownFileType = sourcecode.c.objc; name = AFImageDownloader.m; path = "../../../../Downloads/AFNetworking-master/UIKit+AFNetworking/AFImageDownloader.m"; sourceTree = "<group>"; };
		831197371E27BB4600B8CB5F /* AFNetworkActivityIndicatorManager.h */ = {isa = PBXFileReference; fileEncoding = 4; lastKnownFileType = sourcecode.c.h; name = AFNetworkActivityIndicatorManager.h; path = "../../../../Downloads/AFNetworking-master/UIKit+AFNetworking/AFNetworkActivityIndicatorManager.h"; sourceTree = "<group>"; };
		831197381E27BB4600B8CB5F /* AFNetworkActivityIndicatorManager.m */ = {isa = PBXFileReference; fileEncoding = 4; lastKnownFileType = sourcecode.c.objc; name = AFNetworkActivityIndicatorManager.m; path = "../../../../Downloads/AFNetworking-master/UIKit+AFNetworking/AFNetworkActivityIndicatorManager.m"; sourceTree = "<group>"; };
		831197391E27BB4600B8CB5F /* UIActivityIndicatorView+AFNetworking.h */ = {isa = PBXFileReference; fileEncoding = 4; lastKnownFileType = sourcecode.c.h; name = "UIActivityIndicatorView+AFNetworking.h"; path = "../../../../Downloads/AFNetworking-master/UIKit+AFNetworking/UIActivityIndicatorView+AFNetworking.h"; sourceTree = "<group>"; };
		8311973A1E27BB4600B8CB5F /* UIActivityIndicatorView+AFNetworking.m */ = {isa = PBXFileReference; fileEncoding = 4; lastKnownFileType = sourcecode.c.objc; name = "UIActivityIndicatorView+AFNetworking.m"; path = "../../../../Downloads/AFNetworking-master/UIKit+AFNetworking/UIActivityIndicatorView+AFNetworking.m"; sourceTree = "<group>"; };
		8311973B1E27BB4600B8CB5F /* UIButton+AFNetworking.h */ = {isa = PBXFileReference; fileEncoding = 4; lastKnownFileType = sourcecode.c.h; name = "UIButton+AFNetworking.h"; path = "../../../../Downloads/AFNetworking-master/UIKit+AFNetworking/UIButton+AFNetworking.h"; sourceTree = "<group>"; };
		8311973C1E27BB4600B8CB5F /* UIButton+AFNetworking.m */ = {isa = PBXFileReference; fileEncoding = 4; lastKnownFileType = sourcecode.c.objc; name = "UIButton+AFNetworking.m"; path = "../../../../Downloads/AFNetworking-master/UIKit+AFNetworking/UIButton+AFNetworking.m"; sourceTree = "<group>"; };
		8311973D1E27BB4600B8CB5F /* UIImage+AFNetworking.h */ = {isa = PBXFileReference; fileEncoding = 4; lastKnownFileType = sourcecode.c.h; name = "UIImage+AFNetworking.h"; path = "../../../../Downloads/AFNetworking-master/UIKit+AFNetworking/UIImage+AFNetworking.h"; sourceTree = "<group>"; };
		8311973E1E27BB4600B8CB5F /* UIImageView+AFNetworking.h */ = {isa = PBXFileReference; fileEncoding = 4; lastKnownFileType = sourcecode.c.h; name = "UIImageView+AFNetworking.h"; path = "../../../../Downloads/AFNetworking-master/UIKit+AFNetworking/UIImageView+AFNetworking.h"; sourceTree = "<group>"; };
		8311973F1E27BB4600B8CB5F /* UIImageView+AFNetworking.m */ = {isa = PBXFileReference; fileEncoding = 4; lastKnownFileType = sourcecode.c.objc; name = "UIImageView+AFNetworking.m"; path = "../../../../Downloads/AFNetworking-master/UIKit+AFNetworking/UIImageView+AFNetworking.m"; sourceTree = "<group>"; };
		831197401E27BB4600B8CB5F /* UIKit+AFNetworking.h */ = {isa = PBXFileReference; fileEncoding = 4; lastKnownFileType = sourcecode.c.h; name = "UIKit+AFNetworking.h"; path = "../../../../Downloads/AFNetworking-master/UIKit+AFNetworking/UIKit+AFNetworking.h"; sourceTree = "<group>"; };
		831197411E27BB4600B8CB5F /* UIProgressView+AFNetworking.h */ = {isa = PBXFileReference; fileEncoding = 4; lastKnownFileType = sourcecode.c.h; name = "UIProgressView+AFNetworking.h"; path = "../../../../Downloads/AFNetworking-master/UIKit+AFNetworking/UIProgressView+AFNetworking.h"; sourceTree = "<group>"; };
		831197421E27BB4600B8CB5F /* UIProgressView+AFNetworking.m */ = {isa = PBXFileReference; fileEncoding = 4; lastKnownFileType = sourcecode.c.objc; name = "UIProgressView+AFNetworking.m"; path = "../../../../Downloads/AFNetworking-master/UIKit+AFNetworking/UIProgressView+AFNetworking.m"; sourceTree = "<group>"; };
		831197431E27BB4600B8CB5F /* UIRefreshControl+AFNetworking.h */ = {isa = PBXFileReference; fileEncoding = 4; lastKnownFileType = sourcecode.c.h; name = "UIRefreshControl+AFNetworking.h"; path = "../../../../Downloads/AFNetworking-master/UIKit+AFNetworking/UIRefreshControl+AFNetworking.h"; sourceTree = "<group>"; };
		831197441E27BB4600B8CB5F /* UIRefreshControl+AFNetworking.m */ = {isa = PBXFileReference; fileEncoding = 4; lastKnownFileType = sourcecode.c.objc; name = "UIRefreshControl+AFNetworking.m"; path = "../../../../Downloads/AFNetworking-master/UIKit+AFNetworking/UIRefreshControl+AFNetworking.m"; sourceTree = "<group>"; };
		831197451E27BB4600B8CB5F /* UIWebView+AFNetworking.h */ = {isa = PBXFileReference; fileEncoding = 4; lastKnownFileType = sourcecode.c.h; name = "UIWebView+AFNetworking.h"; path = "../../../../Downloads/AFNetworking-master/UIKit+AFNetworking/UIWebView+AFNetworking.h"; sourceTree = "<group>"; };
		831197461E27BB4600B8CB5F /* UIWebView+AFNetworking.m */ = {isa = PBXFileReference; fileEncoding = 4; lastKnownFileType = sourcecode.c.objc; name = "UIWebView+AFNetworking.m"; path = "../../../../Downloads/AFNetworking-master/UIKit+AFNetworking/UIWebView+AFNetworking.m"; sourceTree = "<group>"; };
		8335291A1E40D18D009B75A3 /* setGoal.h */ = {isa = PBXFileReference; fileEncoding = 4; lastKnownFileType = sourcecode.c.h; path = setGoal.h; sourceTree = "<group>"; };
		8335291B1E40D18D009B75A3 /* setGoal.m */ = {isa = PBXFileReference; fileEncoding = 4; lastKnownFileType = sourcecode.c.objc; path = setGoal.m; sourceTree = "<group>"; };
		8335291D1E4F5EB1009B75A3 /* Notifications.entitlements */ = {isa = PBXFileReference; lastKnownFileType = text.plist.entitlements; path = Notifications.entitlements; sourceTree = "<group>"; };
		8335291E1E4F5EC6009B75A3 /* Notifications WatchKit Extension.entitlements */ = {isa = PBXFileReference; lastKnownFileType = text.plist.entitlements; path = "Notifications WatchKit Extension.entitlements"; sourceTree = "<group>"; };
		8335291F1E4F6BDD009B75A3 /* Notifications WatchKit App.entitlements */ = {isa = PBXFileReference; lastKnownFileType = text.plist.entitlements; path = "Notifications WatchKit App.entitlements"; sourceTree = "<group>"; };
		835302ED1E9122B800CA58B3 /* CoreLocation.framework */ = {isa = PBXFileReference; lastKnownFileType = wrapper.framework; name = CoreLocation.framework; path = Platforms/WatchOS.platform/Developer/SDKs/WatchOS3.1.sdk/System/Library/Frameworks/CoreLocation.framework; sourceTree = DEVELOPER_DIR; };
		8392B8D61E016DEB004D4E63 /* Notifications.app */ = {isa = PBXFileReference; explicitFileType = wrapper.application; includeInIndex = 0; path = Notifications.app; sourceTree = BUILT_PRODUCTS_DIR; };
		8392B8DA1E016DEB004D4E63 /* main.m */ = {isa = PBXFileReference; lastKnownFileType = sourcecode.c.objc; path = main.m; sourceTree = "<group>"; };
		8392B8DC1E016DEB004D4E63 /* AppDelegate.h */ = {isa = PBXFileReference; lastKnownFileType = sourcecode.c.h; path = AppDelegate.h; sourceTree = "<group>"; };
		8392B8DD1E016DEB004D4E63 /* AppDelegate.m */ = {isa = PBXFileReference; lastKnownFileType = sourcecode.c.objc; path = AppDelegate.m; sourceTree = "<group>"; };
		8392B8DF1E016DEB004D4E63 /* ViewController.h */ = {isa = PBXFileReference; lastKnownFileType = sourcecode.c.h; path = ViewController.h; sourceTree = "<group>"; };
		8392B8E01E016DEB004D4E63 /* ViewController.m */ = {isa = PBXFileReference; lastKnownFileType = sourcecode.c.objc; path = ViewController.m; sourceTree = "<group>"; };
		8392B8E31E016DEC004D4E63 /* Base */ = {isa = PBXFileReference; lastKnownFileType = file.storyboard; name = Base; path = Base.lproj/Main.storyboard; sourceTree = "<group>"; };
		8392B8E51E016DEC004D4E63 /* Assets.xcassets */ = {isa = PBXFileReference; lastKnownFileType = folder.assetcatalog; path = Assets.xcassets; sourceTree = "<group>"; };
		8392B8E81E016DEC004D4E63 /* Base */ = {isa = PBXFileReference; lastKnownFileType = file.storyboard; name = Base; path = Base.lproj/LaunchScreen.storyboard; sourceTree = "<group>"; };
		8392B8EA1E016DEC004D4E63 /* Info.plist */ = {isa = PBXFileReference; lastKnownFileType = text.plist.xml; path = Info.plist; sourceTree = "<group>"; };
		8392B8ED1E016DEC004D4E63 /* Notifications WatchKit App.app */ = {isa = PBXFileReference; explicitFileType = wrapper.application; includeInIndex = 0; path = "Notifications WatchKit App.app"; sourceTree = BUILT_PRODUCTS_DIR; };
		8392B8F31E016DEC004D4E63 /* Base */ = {isa = PBXFileReference; lastKnownFileType = file.storyboard; name = Base; path = Base.lproj/Interface.storyboard; sourceTree = "<group>"; };
		8392B8F51E016DEC004D4E63 /* Assets.xcassets */ = {isa = PBXFileReference; lastKnownFileType = folder.assetcatalog; path = Assets.xcassets; sourceTree = "<group>"; };
		8392B8F71E016DEC004D4E63 /* Info.plist */ = {isa = PBXFileReference; lastKnownFileType = text.plist.xml; path = Info.plist; sourceTree = "<group>"; };
		8392B8FC1E016DEC004D4E63 /* Notifications WatchKit Extension.appex */ = {isa = PBXFileReference; explicitFileType = "wrapper.app-extension"; includeInIndex = 0; path = "Notifications WatchKit Extension.appex"; sourceTree = BUILT_PRODUCTS_DIR; };
		8392B9021E016DEC004D4E63 /* PushNotificationPayload.apns */ = {isa = PBXFileReference; lastKnownFileType = text; path = PushNotificationPayload.apns; sourceTree = "<group>"; };
		8392B9031E016DEC004D4E63 /* InterfaceController.h */ = {isa = PBXFileReference; lastKnownFileType = sourcecode.c.h; path = InterfaceController.h; sourceTree = "<group>"; };
		8392B9041E016DEC004D4E63 /* InterfaceController.m */ = {isa = PBXFileReference; lastKnownFileType = sourcecode.c.objc; path = InterfaceController.m; sourceTree = "<group>"; };
		8392B9061E016DEC004D4E63 /* ExtensionDelegate.h */ = {isa = PBXFileReference; lastKnownFileType = sourcecode.c.h; path = ExtensionDelegate.h; sourceTree = "<group>"; };
		8392B9071E016DEC004D4E63 /* ExtensionDelegate.m */ = {isa = PBXFileReference; lastKnownFileType = sourcecode.c.objc; path = ExtensionDelegate.m; sourceTree = "<group>"; };
		8392B9091E016DEC004D4E63 /* NotificationController.h */ = {isa = PBXFileReference; lastKnownFileType = sourcecode.c.h; path = NotificationController.h; sourceTree = "<group>"; };
		8392B90A1E016DEC004D4E63 /* NotificationController.m */ = {isa = PBXFileReference; lastKnownFileType = sourcecode.c.objc; path = NotificationController.m; sourceTree = "<group>"; };
		8392B90C1E016DEC004D4E63 /* ComplicationController.h */ = {isa = PBXFileReference; lastKnownFileType = sourcecode.c.h; path = ComplicationController.h; sourceTree = "<group>"; };
		8392B90D1E016DEC004D4E63 /* ComplicationController.m */ = {isa = PBXFileReference; lastKnownFileType = sourcecode.c.objc; path = ComplicationController.m; sourceTree = "<group>"; };
		8392B90F1E016DEC004D4E63 /* Assets.xcassets */ = {isa = PBXFileReference; lastKnownFileType = folder.assetcatalog; path = Assets.xcassets; sourceTree = "<group>"; };
		8392B9111E016DEC004D4E63 /* Info.plist */ = {isa = PBXFileReference; lastKnownFileType = text.plist.xml; path = Info.plist; sourceTree = "<group>"; };
		83B703011E52EB06003591AF /* WatchKit */ = {isa = PBXFileReference; lastKnownFileType = folder; name = WatchKit; path = "/Users/Chris/Downloads/PivotalCoreKit-master/WatchKit"; sourceTree = "<absolute>"; };
		83F11E571E06AD6200BB6D91 /* OrdinaryEventRow.h */ = {isa = PBXFileReference; fileEncoding = 4; lastKnownFileType = sourcecode.c.h; path = OrdinaryEventRow.h; sourceTree = "<group>"; };
		83F11E581E06AD8200BB6D91 /* OrdinaryEventRow.m */ = {isa = PBXFileReference; fileEncoding = 4; lastKnownFileType = sourcecode.c.objc; path = OrdinaryEventRow.m; sourceTree = "<group>"; };
/* End PBXFileReference section */

/* Begin PBXFrameworksBuildPhase section */
		8392B8D31E016DEB004D4E63 /* Frameworks */ = {
			isa = PBXFrameworksBuildPhase;
			buildActionMask = 2147483647;
			files = (
			);
			runOnlyForDeploymentPostprocessing = 0;
		};
		8392B8F91E016DEC004D4E63 /* Frameworks */ = {
			isa = PBXFrameworksBuildPhase;
			buildActionMask = 2147483647;
			files = (
				835302EE1E9122B800CA58B3 /* CoreLocation.framework in Frameworks */,
			);
			runOnlyForDeploymentPostprocessing = 0;
		};
/* End PBXFrameworksBuildPhase section */

/* Begin PBXGroup section */
		831197151E27BA8F00B8CB5F /* UIKit+AFNetworking */ = {
			isa = PBXGroup;
			children = (
				831197331E27BB4600B8CB5F /* AFAutoPurgingImageCache.h */,
				831197341E27BB4600B8CB5F /* AFAutoPurgingImageCache.m */,
				831197351E27BB4600B8CB5F /* AFImageDownloader.h */,
				831197361E27BB4600B8CB5F /* AFImageDownloader.m */,
				831197371E27BB4600B8CB5F /* AFNetworkActivityIndicatorManager.h */,
				831197381E27BB4600B8CB5F /* AFNetworkActivityIndicatorManager.m */,
				831197391E27BB4600B8CB5F /* UIActivityIndicatorView+AFNetworking.h */,
				8311973A1E27BB4600B8CB5F /* UIActivityIndicatorView+AFNetworking.m */,
				8311973B1E27BB4600B8CB5F /* UIButton+AFNetworking.h */,
				8311973C1E27BB4600B8CB5F /* UIButton+AFNetworking.m */,
				8311973D1E27BB4600B8CB5F /* UIImage+AFNetworking.h */,
				8311973E1E27BB4600B8CB5F /* UIImageView+AFNetworking.h */,
				8311973F1E27BB4600B8CB5F /* UIImageView+AFNetworking.m */,
				831197401E27BB4600B8CB5F /* UIKit+AFNetworking.h */,
				831197411E27BB4600B8CB5F /* UIProgressView+AFNetworking.h */,
				831197421E27BB4600B8CB5F /* UIProgressView+AFNetworking.m */,
				831197431E27BB4600B8CB5F /* UIRefreshControl+AFNetworking.h */,
				831197441E27BB4600B8CB5F /* UIRefreshControl+AFNetworking.m */,
				831197451E27BB4600B8CB5F /* UIWebView+AFNetworking.h */,
				831197461E27BB4600B8CB5F /* UIWebView+AFNetworking.m */,
			);
			name = "UIKit+AFNetworking";
			sourceTree = "<group>";
		};
		831197161E27BAAB00B8CB5F /* AFNetworking */ = {
			isa = PBXGroup;
			children = (
				831197191E27BB2D00B8CB5F /* AFHTTPSessionManager.h */,
				8311971A1E27BB2D00B8CB5F /* AFHTTPSessionManager.m */,
				8311971B1E27BB2D00B8CB5F /* AFNetworking.h */,
				8311971C1E27BB2D00B8CB5F /* AFNetworkReachabilityManager.h */,
				8311971D1E27BB2D00B8CB5F /* AFNetworkReachabilityManager.m */,
				8311971E1E27BB2D00B8CB5F /* AFSecurityPolicy.h */,
				8311971F1E27BB2D00B8CB5F /* AFSecurityPolicy.m */,
				831197201E27BB2D00B8CB5F /* AFURLRequestSerialization.h */,
				831197211E27BB2D00B8CB5F /* AFURLRequestSerialization.m */,
				831197221E27BB2D00B8CB5F /* AFURLResponseSerialization.h */,
				831197231E27BB2D00B8CB5F /* AFURLResponseSerialization.m */,
				831197241E27BB2D00B8CB5F /* AFURLSessionManager.h */,
				831197251E27BB2D00B8CB5F /* AFURLSessionManager.m */,
			);
			name = AFNetworking;
			sourceTree = "<group>";
		};
		8392B8CD1E016DEB004D4E63 = {
			isa = PBXGroup;
			children = (
				831197161E27BAAB00B8CB5F /* AFNetworking */,
				831197151E27BA8F00B8CB5F /* UIKit+AFNetworking */,
				8392B8D81E016DEB004D4E63 /* Notifications */,
				8392B8F11E016DEC004D4E63 /* Notifications WatchKit App */,
				8392B9001E016DEC004D4E63 /* Notifications WatchKit Extension */,
				8392B8D71E016DEB004D4E63 /* Products */,
				83B703131E52EFF6003591AF /* Frameworks */,
			);
			sourceTree = "<group>";
		};
		8392B8D71E016DEB004D4E63 /* Products */ = {
			isa = PBXGroup;
			children = (
				8392B8D61E016DEB004D4E63 /* Notifications.app */,
				8392B8ED1E016DEC004D4E63 /* Notifications WatchKit App.app */,
				8392B8FC1E016DEC004D4E63 /* Notifications WatchKit Extension.appex */,
			);
			name = Products;
			sourceTree = "<group>";
		};
		8392B8D81E016DEB004D4E63 /* Notifications */ = {
			isa = PBXGroup;
			children = (
				8335291D1E4F5EB1009B75A3 /* Notifications.entitlements */,
				8392B8DC1E016DEB004D4E63 /* AppDelegate.h */,
				8392B8DD1E016DEB004D4E63 /* AppDelegate.m */,
				8392B8DF1E016DEB004D4E63 /* ViewController.h */,
				8392B8E01E016DEB004D4E63 /* ViewController.m */,
				8392B8E21E016DEB004D4E63 /* Main.storyboard */,
				8392B8E51E016DEC004D4E63 /* Assets.xcassets */,
				8392B8E71E016DEC004D4E63 /* LaunchScreen.storyboard */,
				8392B8EA1E016DEC004D4E63 /* Info.plist */,
				8392B8D91E016DEB004D4E63 /* Supporting Files */,
			);
			path = Notifications;
			sourceTree = "<group>";
		};
		8392B8D91E016DEB004D4E63 /* Supporting Files */ = {
			isa = PBXGroup;
			children = (
				8392B8DA1E016DEB004D4E63 /* main.m */,
			);
			name = "Supporting Files";
			sourceTree = "<group>";
		};
		8392B8F11E016DEC004D4E63 /* Notifications WatchKit App */ = {
			isa = PBXGroup;
			children = (
				8335291F1E4F6BDD009B75A3 /* Notifications WatchKit App.entitlements */,
				8392B8F21E016DEC004D4E63 /* Interface.storyboard */,
				8392B8F51E016DEC004D4E63 /* Assets.xcassets */,
				8392B8F71E016DEC004D4E63 /* Info.plist */,
			);
			path = "Notifications WatchKit App";
			sourceTree = "<group>";
		};
		8392B9001E016DEC004D4E63 /* Notifications WatchKit Extension */ = {
			isa = PBXGroup;
			children = (
				8335291E1E4F5EC6009B75A3 /* Notifications WatchKit Extension.entitlements */,
				8392B9031E016DEC004D4E63 /* InterfaceController.h */,
				8392B9041E016DEC004D4E63 /* InterfaceController.m */,
				8392B9061E016DEC004D4E63 /* ExtensionDelegate.h */,
				8392B9071E016DEC004D4E63 /* ExtensionDelegate.m */,
				8335291A1E40D18D009B75A3 /* setGoal.h */,
				8335291B1E40D18D009B75A3 /* setGoal.m */,
				8392B9091E016DEC004D4E63 /* NotificationController.h */,
				8392B90A1E016DEC004D4E63 /* NotificationController.m */,
				8392B90C1E016DEC004D4E63 /* ComplicationController.h */,
				8392B90D1E016DEC004D4E63 /* ComplicationController.m */,
				83F11E571E06AD6200BB6D91 /* OrdinaryEventRow.h */,
				83F11E581E06AD8200BB6D91 /* OrdinaryEventRow.m */,
				8392B90F1E016DEC004D4E63 /* Assets.xcassets */,
				8392B9111E016DEC004D4E63 /* Info.plist */,
				8392B9011E016DEC004D4E63 /* Supporting Files */,
			);
			path = "Notifications WatchKit Extension";
			sourceTree = "<group>";
		};
		8392B9011E016DEC004D4E63 /* Supporting Files */ = {
			isa = PBXGroup;
			children = (
				8392B9021E016DEC004D4E63 /* PushNotificationPayload.apns */,
			);
			name = "Supporting Files";
			sourceTree = "<group>";
		};
		83B703131E52EFF6003591AF /* Frameworks */ = {
			isa = PBXGroup;
			children = (
				835302ED1E9122B800CA58B3 /* CoreLocation.framework */,
			);
			name = Frameworks;
			sourceTree = "<group>";
		};
/* End PBXGroup section */

/* Begin PBXHeadersBuildPhase section */
		831197171E27BB1000B8CB5F /* Headers */ = {
			isa = PBXHeadersBuildPhase;
			buildActionMask = 2147483647;
			files = (
				831197311E27BB2D00B8CB5F /* AFURLSessionManager.h in Headers */,
				831197591E27BB4600B8CB5F /* UIWebView+AFNetworking.h in Headers */,
				831197291E27BB2D00B8CB5F /* AFNetworkReachabilityManager.h in Headers */,
				831197471E27BB4600B8CB5F /* AFAutoPurgingImageCache.h in Headers */,
				831197261E27BB2D00B8CB5F /* AFHTTPSessionManager.h in Headers */,
				8311972D1E27BB2D00B8CB5F /* AFURLRequestSerialization.h in Headers */,
				8311974F1E27BB4600B8CB5F /* UIButton+AFNetworking.h in Headers */,
				831197491E27BB4600B8CB5F /* AFImageDownloader.h in Headers */,
				8311972F1E27BB2D00B8CB5F /* AFURLResponseSerialization.h in Headers */,
				831197571E27BB4600B8CB5F /* UIRefreshControl+AFNetworking.h in Headers */,
				831197521E27BB4600B8CB5F /* UIImageView+AFNetworking.h in Headers */,
				831197281E27BB2D00B8CB5F /* AFNetworking.h in Headers */,
				831197511E27BB4600B8CB5F /* UIImage+AFNetworking.h in Headers */,
				831197551E27BB4600B8CB5F /* UIProgressView+AFNetworking.h in Headers */,
				8311974D1E27BB4600B8CB5F /* UIActivityIndicatorView+AFNetworking.h in Headers */,
				8311972B1E27BB2D00B8CB5F /* AFSecurityPolicy.h in Headers */,
				831197541E27BB4600B8CB5F /* UIKit+AFNetworking.h in Headers */,
				8311974B1E27BB4600B8CB5F /* AFNetworkActivityIndicatorManager.h in Headers */,
			);
			runOnlyForDeploymentPostprocessing = 0;
		};
/* End PBXHeadersBuildPhase section */

/* Begin PBXNativeTarget section */
		8392B8D51E016DEB004D4E63 /* Notifications */ = {
			isa = PBXNativeTarget;
			buildConfigurationList = 8392B91C1E016DEC004D4E63 /* Build configuration list for PBXNativeTarget "Notifications" */;
			buildPhases = (
				8392B8D21E016DEB004D4E63 /* Sources */,
				8392B8D31E016DEB004D4E63 /* Frameworks */,
				8392B8D41E016DEB004D4E63 /* Resources */,
				8392B91B1E016DEC004D4E63 /* Embed Watch Content */,
				831197171E27BB1000B8CB5F /* Headers */,
			);
			buildRules = (
			);
			dependencies = (
				8392B8F01E016DEC004D4E63 /* PBXTargetDependency */,
			);
			name = Notifications;
			productName = Notifications;
			productReference = 8392B8D61E016DEB004D4E63 /* Notifications.app */;
			productType = "com.apple.product-type.application";
		};
		8392B8EC1E016DEC004D4E63 /* Notifications WatchKit App */ = {
			isa = PBXNativeTarget;
			buildConfigurationList = 8392B9181E016DEC004D4E63 /* Build configuration list for PBXNativeTarget "Notifications WatchKit App" */;
			buildPhases = (
				8392B8EB1E016DEC004D4E63 /* Resources */,
				8392B9171E016DEC004D4E63 /* Embed App Extensions */,
			);
			buildRules = (
			);
			dependencies = (
				8392B8FF1E016DEC004D4E63 /* PBXTargetDependency */,
			);
			name = "Notifications WatchKit App";
			productName = "Notifications WatchKit App";
			productReference = 8392B8ED1E016DEC004D4E63 /* Notifications WatchKit App.app */;
			productType = "com.apple.product-type.application.watchapp2";
		};
		8392B8FB1E016DEC004D4E63 /* Notifications WatchKit Extension */ = {
			isa = PBXNativeTarget;
			buildConfigurationList = 8392B9141E016DEC004D4E63 /* Build configuration list for PBXNativeTarget "Notifications WatchKit Extension" */;
			buildPhases = (
				8392B8F81E016DEC004D4E63 /* Sources */,
				8392B8F91E016DEC004D4E63 /* Frameworks */,
				8392B8FA1E016DEC004D4E63 /* Resources */,
			);
			buildRules = (
			);
			dependencies = (
			);
			name = "Notifications WatchKit Extension";
			productName = "Notifications WatchKit Extension";
			productReference = 8392B8FC1E016DEC004D4E63 /* Notifications WatchKit Extension.appex */;
			productType = "com.apple.product-type.watchkit2-extension";
		};
/* End PBXNativeTarget section */

/* Begin PBXProject section */
		8392B8CE1E016DEB004D4E63 /* Project object */ = {
			isa = PBXProject;
			attributes = {
				LastUpgradeCheck = 0800;
				ORGANIZATIONNAME = "Christian Lauer";
				TargetAttributes = {
					8392B8D51E016DEB004D4E63 = {
						CreatedOnToolsVersion = 8.0;
						DevelopmentTeam = N959FS4GWN;
						ProvisioningStyle = Automatic;
						SystemCapabilities = {
							com.apple.ApplicationGroups.iOS = {
								enabled = 1;
							};
							com.apple.BackgroundModes = {
								enabled = 1;
							};
						};
					};
					8392B8EC1E016DEC004D4E63 = {
						CreatedOnToolsVersion = 8.0;
						DevelopmentTeam = N959FS4GWN;
						ProvisioningStyle = Automatic;
						SystemCapabilities = {
							com.apple.ApplicationGroups.iOS = {
								enabled = 1;
							};
							com.apple.BackgroundModes.watchos.app = {
								enabled = 1;
							};
						};
					};
					8392B8FB1E016DEC004D4E63 = {
						CreatedOnToolsVersion = 8.0;
						DevelopmentTeam = N959FS4GWN;
						ProvisioningStyle = Automatic;
						SystemCapabilities = {
							com.apple.ApplicationGroups.iOS = {
								enabled = 1;
							};
							com.apple.BackgroundModes.watchos.extension = {
								enabled = 1;
							};
						};
					};
				};
			};
			buildConfigurationList = 8392B8D11E016DEB004D4E63 /* Build configuration list for PBXProject "Amphiro" */;
			compatibilityVersion = "Xcode 3.2";
			developmentRegion = English;
			hasScannedForEncodings = 0;
			knownRegions = (
				en,
				Base,
			);
			mainGroup = 8392B8CD1E016DEB004D4E63;
			productRefGroup = 8392B8D71E016DEB004D4E63 /* Products */;
			projectDirPath = "";
			projectRoot = "";
			targets = (
				8392B8D51E016DEB004D4E63 /* Notifications */,
				8392B8EC1E016DEC004D4E63 /* Notifications WatchKit App */,
				8392B8FB1E016DEC004D4E63 /* Notifications WatchKit Extension */,
			);
		};
/* End PBXProject section */

/* Begin PBXResourcesBuildPhase section */
		8392B8D41E016DEB004D4E63 /* Resources */ = {
			isa = PBXResourcesBuildPhase;
			buildActionMask = 2147483647;
			files = (
				8392B8E91E016DEC004D4E63 /* LaunchScreen.storyboard in Resources */,
				8392B8E61E016DEC004D4E63 /* Assets.xcassets in Resources */,
				8311970D1E27B7C700B8CB5F /* UIKit+AFNetworking in Resources */,
				8392B8E41E016DEC004D4E63 /* Main.storyboard in Resources */,
				8311970B1E27B7B900B8CB5F /* AFNetworking in Resources */,
			);
			runOnlyForDeploymentPostprocessing = 0;
		};
		8392B8EB1E016DEC004D4E63 /* Resources */ = {
			isa = PBXResourcesBuildPhase;
			buildActionMask = 2147483647;
			files = (
				8392B8F61E016DEC004D4E63 /* Assets.xcassets in Resources */,
				8392B8F41E016DEC004D4E63 /* Interface.storyboard in Resources */,
			);
			runOnlyForDeploymentPostprocessing = 0;
		};
		8392B8FA1E016DEC004D4E63 /* Resources */ = {
			isa = PBXResourcesBuildPhase;
			buildActionMask = 2147483647;
			files = (
				8392B9101E016DEC004D4E63 /* Assets.xcassets in Resources */,
				83B703021E52EB06003591AF /* WatchKit in Resources */,
			);
			runOnlyForDeploymentPostprocessing = 0;
		};
/* End PBXResourcesBuildPhase section */

/* Begin PBXSourcesBuildPhase section */
		8392B8D21E016DEB004D4E63 /* Sources */ = {
			isa = PBXSourcesBuildPhase;
			buildActionMask = 2147483647;
			files = (
				831197561E27BB4600B8CB5F /* UIProgressView+AFNetworking.m in Sources */,
				831197321E27BB2D00B8CB5F /* AFURLSessionManager.m in Sources */,
				8311975A1E27BB4600B8CB5F /* UIWebView+AFNetworking.m in Sources */,
				831197531E27BB4600B8CB5F /* UIImageView+AFNetworking.m in Sources */,
				8392B8E11E016DEB004D4E63 /* ViewController.m in Sources */,
				831197501E27BB4600B8CB5F /* UIButton+AFNetworking.m in Sources */,
				8392B8DE1E016DEB004D4E63 /* AppDelegate.m in Sources */,
				8311972A1E27BB2D00B8CB5F /* AFNetworkReachabilityManager.m in Sources */,
				831197581E27BB4600B8CB5F /* UIRefreshControl+AFNetworking.m in Sources */,
				8392B8DB1E016DEB004D4E63 /* main.m in Sources */,
				831197481E27BB4600B8CB5F /* AFAutoPurgingImageCache.m in Sources */,
				8311972C1E27BB2D00B8CB5F /* AFSecurityPolicy.m in Sources */,
				8311972E1E27BB2D00B8CB5F /* AFURLRequestSerialization.m in Sources */,
				8311974C1E27BB4600B8CB5F /* AFNetworkActivityIndicatorManager.m in Sources */,
				831197301E27BB2D00B8CB5F /* AFURLResponseSerialization.m in Sources */,
				831197271E27BB2D00B8CB5F /* AFHTTPSessionManager.m in Sources */,
				8311974A1E27BB4600B8CB5F /* AFImageDownloader.m in Sources */,
				8311974E1E27BB4600B8CB5F /* UIActivityIndicatorView+AFNetworking.m in Sources */,
			);
			runOnlyForDeploymentPostprocessing = 0;
		};
		8392B8F81E016DEC004D4E63 /* Sources */ = {
			isa = PBXSourcesBuildPhase;
			buildActionMask = 2147483647;
			files = (
				8392B9081E016DEC004D4E63 /* ExtensionDelegate.m in Sources */,
				8392B90E1E016DEC004D4E63 /* ComplicationController.m in Sources */,
				8392B9051E016DEC004D4E63 /* InterfaceController.m in Sources */,
				83F11E591E06AD8200BB6D91 /* OrdinaryEventRow.m in Sources */,
				8392B90B1E016DEC004D4E63 /* NotificationController.m in Sources */,
				8335291C1E40D18D009B75A3 /* setGoal.m in Sources */,
			);
			runOnlyForDeploymentPostprocessing = 0;
		};
/* End PBXSourcesBuildPhase section */

/* Begin PBXTargetDependency section */
		8392B8F01E016DEC004D4E63 /* PBXTargetDependency */ = {
			isa = PBXTargetDependency;
			target = 8392B8EC1E016DEC004D4E63 /* Notifications WatchKit App */;
			targetProxy = 8392B8EF1E016DEC004D4E63 /* PBXContainerItemProxy */;
		};
		8392B8FF1E016DEC004D4E63 /* PBXTargetDependency */ = {
			isa = PBXTargetDependency;
			target = 8392B8FB1E016DEC004D4E63 /* Notifications WatchKit Extension */;
			targetProxy = 8392B8FE1E016DEC004D4E63 /* PBXContainerItemProxy */;
		};
/* End PBXTargetDependency section */

/* Begin PBXVariantGroup section */
		8392B8E21E016DEB004D4E63 /* Main.storyboard */ = {
			isa = PBXVariantGroup;
			children = (
				8392B8E31E016DEC004D4E63 /* Base */,
			);
			name = Main.storyboard;
			sourceTree = "<group>";
		};
		8392B8E71E016DEC004D4E63 /* LaunchScreen.storyboard */ = {
			isa = PBXVariantGroup;
			children = (
				8392B8E81E016DEC004D4E63 /* Base */,
			);
			name = LaunchScreen.storyboard;
			sourceTree = "<group>";
		};
		8392B8F21E016DEC004D4E63 /* Interface.storyboard */ = {
			isa = PBXVariantGroup;
			children = (
				8392B8F31E016DEC004D4E63 /* Base */,
			);
			name = Interface.storyboard;
			sourceTree = "<group>";
		};
/* End PBXVariantGroup section */

/* Begin XCBuildConfiguration section */
		8392B9121E016DEC004D4E63 /* Debug */ = {
			isa = XCBuildConfiguration;
			buildSettings = {
				ALWAYS_SEARCH_USER_PATHS = NO;
				CLANG_ANALYZER_NONNULL = YES;
				CLANG_CXX_LANGUAGE_STANDARD = "gnu++0x";
				CLANG_CXX_LIBRARY = "libc++";
				CLANG_ENABLE_MODULES = YES;
				CLANG_ENABLE_OBJC_ARC = YES;
				CLANG_WARN_BOOL_CONVERSION = YES;
				CLANG_WARN_CONSTANT_CONVERSION = YES;
				CLANG_WARN_DIRECT_OBJC_ISA_USAGE = YES_ERROR;
				CLANG_WARN_DOCUMENTATION_COMMENTS = YES;
				CLANG_WARN_EMPTY_BODY = YES;
				CLANG_WARN_ENUM_CONVERSION = YES;
				CLANG_WARN_INFINITE_RECURSION = YES;
				CLANG_WARN_INT_CONVERSION = YES;
				CLANG_WARN_OBJC_ROOT_CLASS = YES_ERROR;
				CLANG_WARN_SUSPICIOUS_MOVES = YES;
				CLANG_WARN_UNREACHABLE_CODE = YES;
				CLANG_WARN__DUPLICATE_METHOD_MATCH = YES;
				"CODE_SIGN_IDENTITY[sdk=iphoneos*]" = "iPhone Developer";
				COPY_PHASE_STRIP = NO;
				DEBUG_INFORMATION_FORMAT = dwarf;
				ENABLE_STRICT_OBJC_MSGSEND = YES;
				ENABLE_TESTABILITY = YES;
				GCC_C_LANGUAGE_STANDARD = gnu99;
				GCC_DYNAMIC_NO_PIC = NO;
				GCC_NO_COMMON_BLOCKS = YES;
				GCC_OPTIMIZATION_LEVEL = 0;
				GCC_PREPROCESSOR_DEFINITIONS = (
					"DEBUG=1",
					"$(inherited)",
				);
				GCC_WARN_64_TO_32_BIT_CONVERSION = YES;
				GCC_WARN_ABOUT_RETURN_TYPE = YES_ERROR;
				GCC_WARN_UNDECLARED_SELECTOR = YES;
				GCC_WARN_UNINITIALIZED_AUTOS = YES_AGGRESSIVE;
				GCC_WARN_UNUSED_FUNCTION = YES;
				GCC_WARN_UNUSED_VARIABLE = YES;
				IPHONEOS_DEPLOYMENT_TARGET = 10.0;
				MTL_ENABLE_DEBUG_INFO = YES;
				ONLY_ACTIVE_ARCH = YES;
				SDKROOT = iphoneos;
			};
			name = Debug;
		};
		8392B9131E016DEC004D4E63 /* Release */ = {
			isa = XCBuildConfiguration;
			buildSettings = {
				ALWAYS_SEARCH_USER_PATHS = NO;
				CLANG_ANALYZER_NONNULL = YES;
				CLANG_CXX_LANGUAGE_STANDARD = "gnu++0x";
				CLANG_CXX_LIBRARY = "libc++";
				CLANG_ENABLE_MODULES = YES;
				CLANG_ENABLE_OBJC_ARC = YES;
				CLANG_WARN_BOOL_CONVERSION = YES;
				CLANG_WARN_CONSTANT_CONVERSION = YES;
				CLANG_WARN_DIRECT_OBJC_ISA_USAGE = YES_ERROR;
				CLANG_WARN_DOCUMENTATION_COMMENTS = YES;
				CLANG_WARN_EMPTY_BODY = YES;
				CLANG_WARN_ENUM_CONVERSION = YES;
				CLANG_WARN_INFINITE_RECURSION = YES;
				CLANG_WARN_INT_CONVERSION = YES;
				CLANG_WARN_OBJC_ROOT_CLASS = YES_ERROR;
				CLANG_WARN_SUSPICIOUS_MOVES = YES;
				CLANG_WARN_UNREACHABLE_CODE = YES;
				CLANG_WARN__DUPLICATE_METHOD_MATCH = YES;
				"CODE_SIGN_IDENTITY[sdk=iphoneos*]" = "iPhone Developer";
				COPY_PHASE_STRIP = NO;
				DEBUG_INFORMATION_FORMAT = "dwarf-with-dsym";
				ENABLE_NS_ASSERTIONS = NO;
				ENABLE_STRICT_OBJC_MSGSEND = YES;
				GCC_C_LANGUAGE_STANDARD = gnu99;
				GCC_NO_COMMON_BLOCKS = YES;
				GCC_WARN_64_TO_32_BIT_CONVERSION = YES;
				GCC_WARN_ABOUT_RETURN_TYPE = YES_ERROR;
				GCC_WARN_UNDECLARED_SELECTOR = YES;
				GCC_WARN_UNINITIALIZED_AUTOS = YES_AGGRESSIVE;
				GCC_WARN_UNUSED_FUNCTION = YES;
				GCC_WARN_UNUSED_VARIABLE = YES;
				IPHONEOS_DEPLOYMENT_TARGET = 10.0;
				MTL_ENABLE_DEBUG_INFO = NO;
				SDKROOT = iphoneos;
				VALIDATE_PRODUCT = YES;
			};
			name = Release;
		};
		8392B9151E016DEC004D4E63 /* Debug */ = {
			isa = XCBuildConfiguration;
			buildSettings = {
				ASSETCATALOG_COMPILER_COMPLICATION_NAME = Complication;
				CODE_SIGN_ENTITLEMENTS = "Notifications WatchKit Extension/Notifications WatchKit Extension.entitlements";
				"CODE_SIGN_IDENTITY[sdk=watchos*]" = "iPhone Developer";
				DEVELOPMENT_TEAM = N959FS4GWN;
				INFOPLIST_FILE = "Notifications WatchKit Extension/Info.plist";
				LD_RUNPATH_SEARCH_PATHS = "$(inherited) @executable_path/Frameworks @executable_path/../../Frameworks";
				PRODUCT_BUNDLE_IDENTIFIER = ios.Notifications.watchkitapp.watchkitextension;
				PRODUCT_NAME = "${TARGET_NAME}";
				SDKROOT = watchos;
				SKIP_INSTALL = YES;
				TARGETED_DEVICE_FAMILY = 4;
				WATCHOS_DEPLOYMENT_TARGET = 3.0;
			};
			name = Debug;
		};
		8392B9161E016DEC004D4E63 /* Release */ = {
			isa = XCBuildConfiguration;
			buildSettings = {
				ASSETCATALOG_COMPILER_COMPLICATION_NAME = Complication;
				CODE_SIGN_ENTITLEMENTS = "Notifications WatchKit Extension/Notifications WatchKit Extension.entitlements";
				"CODE_SIGN_IDENTITY[sdk=watchos*]" = "iPhone Developer";
				DEVELOPMENT_TEAM = N959FS4GWN;
				INFOPLIST_FILE = "Notifications WatchKit Extension/Info.plist";
				LD_RUNPATH_SEARCH_PATHS = "$(inherited) @executable_path/Frameworks @executable_path/../../Frameworks";
				PRODUCT_BUNDLE_IDENTIFIER = ios.Notifications.watchkitapp.watchkitextension;
				PRODUCT_NAME = "${TARGET_NAME}";
				SDKROOT = watchos;
				SKIP_INSTALL = YES;
				TARGETED_DEVICE_FAMILY = 4;
				WATCHOS_DEPLOYMENT_TARGET = 3.0;
			};
			name = Release;
		};
		8392B9191E016DEC004D4E63 /* Debug */ = {
			isa = XCBuildConfiguration;
			buildSettings = {
				ASSETCATALOG_COMPILER_APPICON_NAME = AppIcon;
				CODE_SIGN_ENTITLEMENTS = "Notifications WatchKit App/Notifications WatchKit App.entitlements";
				"CODE_SIGN_IDENTITY[sdk=watchos*]" = "iPhone Developer";
				DEVELOPMENT_TEAM = N959FS4GWN;
				IBSC_MODULE = Notifications_WatchKit_Extension;
				INFOPLIST_FILE = "Notifications WatchKit App/Info.plist";
				PRODUCT_BUNDLE_IDENTIFIER = ios.Notifications.watchkitapp;
				PRODUCT_NAME = "$(TARGET_NAME)";
				SDKROOT = watchos;
				SKIP_INSTALL = YES;
				TARGETED_DEVICE_FAMILY = 4;
				WATCHOS_DEPLOYMENT_TARGET = 3.0;
			};
			name = Debug;
		};
		8392B91A1E016DEC004D4E63 /* Release */ = {
			isa = XCBuildConfiguration;
			buildSettings = {
				ASSETCATALOG_COMPILER_APPICON_NAME = AppIcon;
				CODE_SIGN_ENTITLEMENTS = "Notifications WatchKit App/Notifications WatchKit App.entitlements";
				"CODE_SIGN_IDENTITY[sdk=watchos*]" = "iPhone Developer";
				DEVELOPMENT_TEAM = N959FS4GWN;
				IBSC_MODULE = Notifications_WatchKit_Extension;
				INFOPLIST_FILE = "Notifications WatchKit App/Info.plist";
				PRODUCT_BUNDLE_IDENTIFIER = ios.Notifications.watchkitapp;
				PRODUCT_NAME = "$(TARGET_NAME)";
				SDKROOT = watchos;
				SKIP_INSTALL = YES;
				TARGETED_DEVICE_FAMILY = 4;
				WATCHOS_DEPLOYMENT_TARGET = 3.0;
			};
			name = Release;
		};
		8392B91D1E016DEC004D4E63 /* Debug */ = {
			isa = XCBuildConfiguration;
			buildSettings = {
				ASSETCATALOG_COMPILER_APPICON_NAME = AppIcon;
				CODE_SIGN_ENTITLEMENTS = Notifications/Notifications.entitlements;
				CODE_SIGN_IDENTITY = "iPhone Developer";
				"CODE_SIGN_IDENTITY[sdk=iphoneos*]" = "iPhone Developer";
				DEVELOPMENT_TEAM = N959FS4GWN;
				INFOPLIST_FILE = Notifications/Info.plist;
				LD_RUNPATH_SEARCH_PATHS = "$(inherited) @executable_path/Frameworks";
				PRODUCT_BUNDLE_IDENTIFIER = ios.Notifications;
				PRODUCT_NAME = "$(TARGET_NAME)";
			};
			name = Debug;
		};
		8392B91E1E016DEC004D4E63 /* Release */ = {
			isa = XCBuildConfiguration;
			buildSettings = {
				ASSETCATALOG_COMPILER_APPICON_NAME = AppIcon;
				CODE_SIGN_ENTITLEMENTS = Notifications/Notifications.entitlements;
				CODE_SIGN_IDENTITY = "iPhone Developer";
				"CODE_SIGN_IDENTITY[sdk=iphoneos*]" = "iPhone Developer";
				DEVELOPMENT_TEAM = N959FS4GWN;
				INFOPLIST_FILE = Notifications/Info.plist;
				LD_RUNPATH_SEARCH_PATHS = "$(inherited) @executable_path/Frameworks";
				PRODUCT_BUNDLE_IDENTIFIER = ios.Notifications;
				PRODUCT_NAME = "$(TARGET_NAME)";
			};
			name = Release;
		};
/* End XCBuildConfiguration section */

/* Begin XCConfigurationList section */
		8392B8D11E016DEB004D4E63 /* Build configuration list for PBXProject "Amphiro" */ = {
			isa = XCConfigurationList;
			buildConfigurations = (
				8392B9121E016DEC004D4E63 /* Debug */,
				8392B9131E016DEC004D4E63 /* Release */,
			);
			defaultConfigurationIsVisible = 0;
			defaultConfigurationName = Release;
		};
		8392B9141E016DEC004D4E63 /* Build configuration list for PBXNativeTarget "Notifications WatchKit Extension" */ = {
			isa = XCConfigurationList;
			buildConfigurations = (
				8392B9151E016DEC004D4E63 /* Debug */,
				8392B9161E016DEC004D4E63 /* Release */,
			);
			defaultConfigurationIsVisible = 0;
			defaultConfigurationName = Release;
		};
		8392B9181E016DEC004D4E63 /* Build configuration list for PBXNativeTarget "Notifications WatchKit App" */ = {
			isa = XCConfigurationList;
			buildConfigurations = (
				8392B9191E016DEC004D4E63 /* Debug */,
				8392B91A1E016DEC004D4E63 /* Release */,
			);
			defaultConfigurationIsVisible = 0;
			defaultConfigurationName = Release;
		};
		8392B91C1E016DEC004D4E63 /* Build configuration list for PBXNativeTarget "Notifications" */ = {
			isa = XCConfigurationList;
			buildConfigurations = (
				8392B91D1E016DEC004D4E63 /* Debug */,
				8392B91E1E016DEC004D4E63 /* Release */,
			);
			defaultConfigurationIsVisible = 0;
			defaultConfigurationName = Release;
		};
/* End XCConfigurationList section */
	};
	rootObject = 8392B8CE1E016DEB004D4E63 /* Project object */;
}
